{
  "requires": true,
  "lockfileVersion": 1,
  "dependencies": {
    "hydro-js": {
      "version": "1.5.13",
      "resolved": "https://registry.npmjs.org/hydro-js/-/hydro-js-1.5.13.tgz",
      "integrity": "sha512-AO+cLwPLIeE5g9B3vNghrQ+CWsYPpIkedEBKeP6cjV7a/VvtvbvWOnMQvKIJjATKDxILwIsLyNCMPOTr0VNArA=="
    },
    "js-tokens": {
      "version": "4.0.0",
      "resolved": "https://registry.npmjs.org/js-tokens/-/js-tokens-4.0.0.tgz",
      "integrity": "sha512-RdJUflcE3cUzKiMqQgsCu06FPu9UdIJO0beYbPhHN4k6apgJtifcoCtT9bcxOpYBtpD2kCM6Sbzg4CausW/PKQ=="
    },
    "loose-envify": {
      "version": "1.4.0",
      "resolved": "https://registry.npmjs.org/loose-envify/-/loose-envify-1.4.0.tgz",
      "integrity": "sha512-lyuxPGr/Wfhrlem2CL/UcnUc1zcqKAImBDzukY7Y5F/yQiNdko6+fRLevlw1HgMySw7f611UIY408EtxRSoK3Q==",
      "requires": {
        "js-tokens": "^3.0.0 || ^4.0.0"
      }
    },
    "path-to-regexp": {
      "version": "6.2.1",
      "resolved": "https://registry.npmjs.org/path-to-regexp/-/path-to-regexp-6.2.1.tgz",
      "integrity": "sha512-JLyh7xT1kizaEvcaXOQwOc2/Yhw6KZOvPf1S8401UyLk86CU79LN3vl7ztXGm/pZ+YjoyAJ4rxmHwbkBXJX+yw=="
    },
    "react": {
      "version": "18.2.0",
      "resolved": "https://registry.npmjs.org/react/-/react-18.2.0.tgz",
      "integrity": "sha512-/3IjMdb2L9QbBdWiW5e3P2/npwMBaU9mHCSCUzNln0ZCYbcfTsGbTJrU/kGemdH2IWmB2ioZ+zkxtmq6g09fGQ==",
      "requires": {
        "loose-envify": "^1.1.0"
      }
    },
    "route": {
      "version": "0.2.5",
      "resolved": "https://registry.npmjs.org/route/-/route-0.2.5.tgz",
      "integrity": "sha512-B88LDMAwyFpIY54KKnyQknA+pTvNsBUK/tMaMHCmny8IB54/bLvtQAaSDrzYyAUgrWGHkwhXoRwoceKZa1PItQ=="
    },
    "router-dom": {
      "version": "2.2.9",
      "resolved": "https://registry.npmjs.org/router-dom/-/router-dom-2.2.9.tgz",
      "integrity": "sha512-2qksLSiXZe9hbI7qt8k45X8vAyqqTV4YvJkbOe3lA1yNSu6Tp3loTS+qhc/oYCkzBJfXn6zGy0r3/2dlC3eS2A==",
      "requires": {
        "hydro-js": "^1.5.3",
        "path-to-regexp": "^6.2.0"
      }
    },
    "routes": {
      "version": "2.1.0",
      "resolved": "https://registry.npmjs.org/routes/-/routes-2.1.0.tgz",
      "integrity": "sha512-ipKiJOw1LUmlfusmWq0XWGJRVT4FdB8ymKvct2OpjN6lXYQa7W/tJjD75W7bzYghdfV1eObdM3Gh7vuVwttPcA=="
    }
  }
}
